<?xml version="1.0" encoding="utf-8"?>
<Project ToolsVersion="4.0" xmlns="http://schemas.microsoft.com/developer/msbuild/2003">
  <ItemGroup>
    <ClCompile Include="source\Car.cpp" />
    <ClCompile Include="source\driver.cpp" />
    <ClCompile Include="source\FuelGauge.cpp" />
    <ClCompile Include="source\RaceCar.cpp" />
  </ItemGroup>
  <ItemGroup>
    <ClInclude Include="source\Car.h" />
    <ClInclude Include="source\FuelGauge.h" />
    <ClInclude Include="source\Odometer.h" />
    <ClInclude Include="source\RaceCar.h" />
    <ClInclude Include="source\RaceScenery.h" />
    <ClInclude Include="source\Tripmeter.h" />
  </ItemGroup>
</Project>